
Microsoft Visual Studio Solution File, Format Version 12.00
# Visual Studio Version 17
VisualStudioVersion = 17.9.34622.214
MinimumVisualStudioVersion = 10.0.40219.1
Project("{2150E333-8FDC-42A3-9474-1A3956D46DE8}") = "Solution Items", "Solution Items", "{84BE800C-68E0-4C4C-8751-18FD7975F3CF}"
EndProject
Project("{9A19103F-16F7-4668-BE54-9A1E7A4F7556}") = "KeyValues2Parser", "KeyValues2Parser\KeyValues2Parser.csproj", "{E86F1CA3-22FA-4F55-98C2-3BBC1D948AEB}"
EndProject
Global
	GlobalSection(SolutionConfigurationPlatforms) = preSolution
		Debug|Any CPU = Debug|Any CPU
		Release|Any CPU = Release|Any CPU
	EndGlobalSection
	GlobalSection(ProjectConfigurationPlatforms) = postSolution
		{E86F1CA3-22FA-4F55-98C2-3BBC1D948AEB}.Debug|Any CPU.ActiveCfg = Debug|Any CPU
		{E86F1CA3-22FA-4F55-98C2-3BBC1D948AEB}.Debug|Any CPU.Build.0 = Debug|Any CPU
		{E86F1CA3-22FA-4F55-98C2-3BBC1D948AEB}.Release|Any CPU.ActiveCfg = Release|Any CPU
		{E86F1CA3-22FA-4F55-98C2-3BBC1D948AEB}.Release|Any CPU.Build.0 = Release|Any CPU
	EndGlobalSection
	GlobalSection(SolutionProperties) = preSolution
		HideSolutionNode = FALSE
	EndGlobalSection
	GlobalSection(NestedProjects) = preSolution
		{E86F1CA3-22FA-4F55-98C2-3BBC1D948AEB} = {84BE800C-68E0-4C4C-8751-18FD7975F3CF}
	EndGlobalSection
	GlobalSection(ExtensibilityGlobals) = postSolution
		SolutionGuid = {638CFF8B-2B2F-4BBA-A00D-0C7022C57023}
	EndGlobalSection
EndGlobal
